
Microsoft Visual Studio Solution File, Format Version 12.00
# Visual Studio 15
VisualStudioVersion = 15.0.27130.2010
MinimumVisualStudioVersion = 10.0.40219.1
Project("{FAE04EC0-301F-11D3-BF4B-00C04F79EFBC}") = "Music Player", "Music Player\Music Player.csproj", "{FDAC69DF-0179-475C-BE2D-2FBEFDE14B00}"
EndProject
Global
	GlobalSection(SolutionConfigurationPlatforms) = preSolution
		Debug|Any CPU = Debug|Any CPU
		Release|Any CPU = Release|Any CPU
	EndGlobalSection
	GlobalSection(ProjectConfigurationPlatforms) = postSolution
		{FDAC69DF-0179-475C-BE2D-2FBEFDE14B00}.Debug|Any CPU.ActiveCfg = Debug|Any CPU
		{FDAC69DF-0179-475C-BE2D-2FBEFDE14B00}.Debug|Any CPU.Build.0 = Debug|Any CPU
		{FDAC69DF-0179-475C-BE2D-2FBEFDE14B00}.Release|Any CPU.ActiveCfg = Release|Any CPU
		{FDAC69DF-0179-475C-BE2D-2FBEFDE14B00}.Release|Any CPU.Build.0 = Release|Any CPU
	EndGlobalSection
	GlobalSection(SolutionProperties) = preSolution
		HideSolutionNode = FALSE
	EndGlobalSection
	GlobalSection(ExtensibilityGlobals) = postSolution
		SolutionGuid = {B5C5E999-FDAA-4BB8-87AC-E3A3F83266AA}
	EndGlobalSection
EndGlobal
